
Microsoft Visual Studio Solution File, Format Version 12.00
# Visual Studio Version 16
VisualStudioVersion = 16.0.32428.217
MinimumVisualStudioVersion = 10.0.40219.1
Project("{FC65038C-1B2F-41E1-A629-BED71D161FFF}") = "NDMock (ISV) [NDMock]", "NDMock\Projects\NDMock\NDMock.rnrproj", "{25217692-D657-4563-94A3-46321EC7A2DE}"
EndProject
Project("{FC65038C-1B2F-41E1-A629-BED71D161FFF}") = "NDMockExamples (ISV) [NDMockExamples]", "NDMockExamples\Projects\NDMockExamples\NDMockExamples.rnrproj", "{0ACA7CE0-F57D-4F2A-AC5A-264D6514A12B}"
EndProject
Project("{FC65038C-1B2F-41E1-A629-BED71D161FFF}") = "NDMockTests (ISV) [NDMockTests]", "NDMockTests\Projects\NDMockTests\NDMockTests.rnrproj", "{E7BE87EC-CE5D-4293-BFDC-7C1B10190112}"
EndProject
Global
	GlobalSection(SolutionConfigurationPlatforms) = preSolution
		Debug|Any CPU = Debug|Any CPU
	EndGlobalSection
	GlobalSection(ProjectConfigurationPlatforms) = postSolution
		{25217692-D657-4563-94A3-46321EC7A2DE}.Debug|Any CPU.ActiveCfg = Debug|Any CPU
		{25217692-D657-4563-94A3-46321EC7A2DE}.Debug|Any CPU.Build.0 = Debug|Any CPU
		{0ACA7CE0-F57D-4F2A-AC5A-264D6514A12B}.Debug|Any CPU.ActiveCfg = Debug|Any CPU
		{0ACA7CE0-F57D-4F2A-AC5A-264D6514A12B}.Debug|Any CPU.Build.0 = Debug|Any CPU
		{E7BE87EC-CE5D-4293-BFDC-7C1B10190112}.Debug|Any CPU.ActiveCfg = Debug|Any CPU
		{E7BE87EC-CE5D-4293-BFDC-7C1B10190112}.Debug|Any CPU.Build.0 = Debug|Any CPU
	EndGlobalSection
	GlobalSection(SolutionProperties) = preSolution
		HideSolutionNode = FALSE
	EndGlobalSection
	GlobalSection(ExtensibilityGlobals) = postSolution
		SolutionGuid = {03D7D378-D6DA-4043-858E-494DF7783906}
	EndGlobalSection
EndGlobal
